
Microsoft Visual Studio Solution File, Format Version 12.00
# Visual Studio 15
VisualStudioVersion = 15.0.27130.2024
MinimumVisualStudioVersion = 10.0.40219.1
Project("{8BC9CEB8-8B4A-11D0-8D11-00A0C91BC942}") = "A2", "A2\A2.vcxproj", "{A5326425-B86F-42F7-BC83-02FA5289A427}"
EndProject
Global
	GlobalSection(SolutionConfigurationPlatforms) = preSolution
		Debug|x64 = Debug|x64
		Debug|x86 = Debug|x86
		Release|x64 = Release|x64
		Release|x86 = Release|x86
	EndGlobalSection
	GlobalSection(ProjectConfigurationPlatforms) = postSolution
		{A5326425-B86F-42F7-BC83-02FA5289A427}.Debug|x64.ActiveCfg = Debug|x64
		{A5326425-B86F-42F7-BC83-02FA5289A427}.Debug|x64.Build.0 = Debug|x64
		{A5326425-B86F-42F7-BC83-02FA5289A427}.Debug|x86.ActiveCfg = Debug|Win32
		{A5326425-B86F-42F7-BC83-02FA5289A427}.Debug|x86.Build.0 = Debug|Win32
		{A5326425-B86F-42F7-BC83-02FA5289A427}.Release|x64.ActiveCfg = Release|x64
		{A5326425-B86F-42F7-BC83-02FA5289A427}.Release|x64.Build.0 = Release|x64
		{A5326425-B86F-42F7-BC83-02FA5289A427}.Release|x86.ActiveCfg = Release|Win32
		{A5326425-B86F-42F7-BC83-02FA5289A427}.Release|x86.Build.0 = Release|Win32
	EndGlobalSection
	GlobalSection(SolutionProperties) = preSolution
		HideSolutionNode = FALSE
	EndGlobalSection
	GlobalSection(ExtensibilityGlobals) = postSolution
		SolutionGuid = {ABB92148-60CF-4A0D-8BF4-675412D69F47}
	EndGlobalSection
EndGlobal
